// !$*UTF8*$!
{
	archiveVersion = 1;
	classes = {
	};
	objectVersion = 56;
	objects = {

/* Begin PBXBuildFile section */
		F2835CFB29D20C9B00D6150B /* AppDelegate.swift in Sources */ = {isa = PBXBuildFile; fileRef = F2835CFA29D20C9B00D6150B /* AppDelegate.swift */; };
		F2835CFD29D20C9B00D6150B /* SceneDelegate.swift in Sources */ = {isa = PBXBuildFile; fileRef = F2835CFC29D20C9B00D6150B /* SceneDelegate.swift */; };
		F2835CFF29D20C9B00D6150B /* ViewController.swift in Sources */ = {isa = PBXBuildFile; fileRef = F2835CFE29D20C9B00D6150B /* ViewController.swift */; };
		F2835D0229D20C9B00D6150B /* Main.storyboard in Resources */ = {isa = PBXBuildFile; fileRef = F2835D0029D20C9B00D6150B /* Main.storyboard */; };
		F2835D0429D20C9C00D6150B /* Assets.xcassets in Resources */ = {isa = PBXBuildFile; fileRef = F2835D0329D20C9C00D6150B /* Assets.xcassets */; };
		F2835D0729D20C9C00D6150B /* LaunchScreen.storyboard in Resources */ = {isa = PBXBuildFile; fileRef = F2835D0529D20C9C00D6150B /* LaunchScreen.storyboard */; };
		F2835D1229D20C9C00D6150B /* ohmsCalculatorTests.swift in Sources */ = {isa = PBXBuildFile; fileRef = F2835D1129D20C9C00D6150B /* ohmsCalculatorTests.swift */; };
		F2835D1C29D20C9C00D6150B /* ohmsCalculatorUITests.swift in Sources */ = {isa = PBXBuildFile; fileRef = F2835D1B29D20C9C00D6150B /* ohmsCalculatorUITests.swift */; };
		F2835D1E29D20C9C00D6150B /* ohmsCalculatorUITestsLaunchTests.swift in Sources */ = {isa = PBXBuildFile; fileRef = F2835D1D29D20C9C00D6150B /* ohmsCalculatorUITestsLaunchTests.swift */; };
/* End PBXBuildFile section */

/* Begin PBXContainerItemProxy section */
		F2835D0E29D20C9C00D6150B /* PBXContainerItemProxy */ = {
			isa = PBXContainerItemProxy;
			containerPortal = F2835CEF29D20C9B00D6150B /* Project object */;
			proxyType = 1;
			remoteGlobalIDString = F2835CF629D20C9B00D6150B;
			remoteInfo = ohmsCalculator;
		};
		F2835D1829D20C9C00D6150B /* PBXContainerItemProxy */ = {
			isa = PBXContainerItemProxy;
			containerPortal = F2835CEF29D20C9B00D6150B /* Project object */;
			proxyType = 1;
			remoteGlobalIDString = F2835CF629D20C9B00D6150B;
			remoteInfo = ohmsCalculator;
		};
/* End PBXContainerItemProxy section */

/* Begin PBXFileReference section */
		F2835CF729D20C9B00D6150B /* ohmsCalculator.app */ = {isa = PBXFileReference; explicitFileType = wrapper.application; includeInIndex = 0; path = ohmsCalculator.app; sourceTree = BUILT_PRODUCTS_DIR; };
		F2835CFA29D20C9B00D6150B /* AppDelegate.swift */ = {isa = PBXFileReference; lastKnownFileType = sourcecode.swift; path = AppDelegate.swift; sourceTree = "<group>"; };
		F2835CFC29D20C9B00D6150B /* SceneDelegate.swift */ = {isa = PBXFileReference; lastKnownFileType = sourcecode.swift; path = SceneDelegate.swift; sourceTree = "<group>"; };
		F2835CFE29D20C9B00D6150B /* ViewController.swift */ = {isa = PBXFileReference; lastKnownFileType = sourcecode.swift; path = ViewController.swift; sourceTree = "<group>"; };
		F2835D0129D20C9B00D6150B /* Base */ = {isa = PBXFileReference; lastKnownFileType = file.storyboard; name = Base; path = Base.lproj/Main.storyboard; sourceTree = "<group>"; };
		F2835D0329D20C9C00D6150B /* Assets.xcassets */ = {isa = PBXFileReference; lastKnownFileType = folder.assetcatalog; path = Assets.xcassets; sourceTree = "<group>"; };
		F2835D0629D20C9C00D6150B /* Base */ = {isa = PBXFileReference; lastKnownFileType = file.storyboard; name = Base; path = Base.lproj/LaunchScreen.storyboard; sourceTree = "<group>"; };
		F2835D0829D20C9C00D6150B /* Info.plist */ = {isa = PBXFileReference; lastKnownFileType = text.plist.xml; path = Info.plist; sourceTree = "<group>"; };
		F2835D0D29D20C9C00D6150B /* ohmsCalculatorTests.xctest */ = {isa = PBXFileReference; explicitFileType = wrapper.cfbundle; includeInIndex = 0; path = ohmsCalculatorTests.xctest; sourceTree = BUILT_PRODUCTS_DIR; };
		F2835D1129D20C9C00D6150B /* ohmsCalculatorTests.swift */ = {isa = PBXFileReference; lastKnownFileType = sourcecode.swift; path = ohmsCalculatorTests.swift; sourceTree = "<group>"; };
		F2835D1729D20C9C00D6150B /* ohmsCalculatorUITests.xctest */ = {isa = PBXFileReference; explicitFileType = wrapper.cfbundle; includeInIndex = 0; path = ohmsCalculatorUITests.xctest; sourceTree = BUILT_PRODUCTS_DIR; };
		F2835D1B29D20C9C00D6150B /* ohmsCalculatorUITests.swift */ = {isa = PBXFileReference; lastKnownFileType = sourcecode.swift; path = ohmsCalculatorUITests.swift; sourceTree = "<group>"; };
		F2835D1D29D20C9C00D6150B /* ohmsCalculatorUITestsLaunchTests.swift */ = {isa = PBXFileReference; lastKnownFileType = sourcecode.swift; path = ohmsCalculatorUITestsLaunchTests.swift; sourceTree = "<group>"; };
/* End PBXFileReference section */

/* Begin PBXFrameworksBuildPhase section */
		F2835CF429D20C9B00D6150B /* Frameworks */ = {
			isa = PBXFrameworksBuildPhase;
			buildActionMask = 2147483647;
			files = (
			);
			runOnlyForDeploymentPostprocessing = 0;
		};
		F2835D0A29D20C9C00D6150B /* Frameworks */ = {
			isa = PBXFrameworksBuildPhase;
			buildActionMask = 2147483647;
			files = (
			);
			runOnlyForDeploymentPostprocessing = 0;
		};
		F2835D1429D20C9C00D6150B /* Frameworks */ = {
			isa = PBXFrameworksBuildPhase;
			buildActionMask = 2147483647;
			files = (
			);
			runOnlyForDeploymentPostprocessing = 0;
		};
/* End PBXFrameworksBuildPhase section */

/* Begin PBXGroup section */
		F2835CEE29D20C9B00D6150B = {
			isa = PBXGroup;
			children = (
				F2835CF929D20C9B00D6150B /* ohmsCalculator */,
				F2835D1029D20C9C00D6150B /* ohmsCalculatorTests */,
				F2835D1A29D20C9C00D6150B /* ohmsCalculatorUITests */,
				F2835CF829D20C9B00D6150B /* Products */,
			);
			sourceTree = "<group>";
		};
		F2835CF829D20C9B00D6150B /* Products */ = {
			isa = PBXGroup;
			children = (
				F2835CF729D20C9B00D6150B /* ohmsCalculator.app */,
				F2835D0D29D20C9C00D6150B /* ohmsCalculatorTests.xctest */,
				F2835D1729D20C9C00D6150B /* ohmsCalculatorUITests.xctest */,
			);
			name = Products;
			sourceTree = "<group>";
		};
		F2835CF929D20C9B00D6150B /* ohmsCalculator */ = {
			isa = PBXGroup;
			children = (
				F2835CFA29D20C9B00D6150B /* AppDelegate.swift */,
				F2835CFC29D20C9B00D6150B /* SceneDelegate.swift */,
				F2835CFE29D20C9B00D6150B /* ViewController.swift */,
				F2835D0029D20C9B00D6150B /* Main.storyboard */,
				F2835D0329D20C9C00D6150B /* Assets.xcassets */,
				F2835D0529D20C9C00D6150B /* LaunchScreen.storyboard */,
				F2835D0829D20C9C00D6150B /* Info.plist */,
			);
			path = ohmsCalculator;
			sourceTree = "<group>";
		};
		F2835D1029D20C9C00D6150B /* ohmsCalculatorTests */ = {
			isa = PBXGroup;
			children = (
				F2835D1129D20C9C00D6150B /* ohmsCalculatorTests.swift */,
			);
			path = ohmsCalculatorTests;
			sourceTree = "<group>";
		};
		F2835D1A29D20C9C00D6150B /* ohmsCalculatorUITests */ = {
			isa = PBXGroup;
			children = (
				F2835D1B29D20C9C00D6150B /* ohmsCalculatorUITests.swift */,
				F2835D1D29D20C9C00D6150B /* ohmsCalculatorUITestsLaunchTests.swift */,
			);
			path = ohmsCalculatorUITests;
			sourceTree = "<group>";
		};
/* End PBXGroup section */

/* Begin PBXNativeTarget section */
		F2835CF629D20C9B00D6150B /* ohmsCalculator */ = {
			isa = PBXNativeTarget;
			buildConfigurationList = F2835D2129D20C9C00D6150B /* Build configuration list for PBXNativeTarget "ohmsCalculator" */;
			buildPhases = (
				F2835CF329D20C9B00D6150B /* Sources */,
				F2835CF429D20C9B00D6150B /* Frameworks */,
				F2835CF529D20C9B00D6150B /* Resources */,
			);
			buildRules = (
			);
			dependencies = (
			);
			name = ohmsCalculator;
			productName = ohmsCalculator;
			productReference = F2835CF729D20C9B00D6150B /* ohmsCalculator.app */;
			productType = "com.apple.product-type.application";
		};
		F2835D0C29D20C9C00D6150B /* ohmsCalculatorTests */ = {
			isa = PBXNativeTarget;
			buildConfigurationList = F2835D2429D20C9C00D6150B /* Build configuration list for PBXNativeTarget "ohmsCalculatorTests" */;
			buildPhases = (
				F2835D0929D20C9C00D6150B /* Sources */,
				F2835D0A29D20C9C00D6150B /* Frameworks */,
				F2835D0B29D20C9C00D6150B /* Resources */,
			);
			buildRules = (
			);
			dependencies = (
				F2835D0F29D20C9C00D6150B /* PBXTargetDependency */,
			);
			name = ohmsCalculatorTests;
			productName = ohmsCalculatorTests;
			productReference = F2835D0D29D20C9C00D6150B /* ohmsCalculatorTests.xctest */;
			productType = "com.apple.product-type.bundle.unit-test";
		};
		F2835D1629D20C9C00D6150B /* ohmsCalculatorUITests */ = {
			isa = PBXNativeTarget;
			buildConfigurationList = F2835D2729D20C9C00D6150B /* Build configuration list for PBXNativeTarget "ohmsCalculatorUITests" */;
			buildPhases = (
				F2835D1329D20C9C00D6150B /* Sources */,
				F2835D1429D20C9C00D6150B /* Frameworks */,
				F2835D1529D20C9C00D6150B /* Resources */,
			);
			buildRules = (
			);
			dependencies = (
				F2835D1929D20C9C00D6150B /* PBXTargetDependency */,
			);
			name = ohmsCalculatorUITests;
			productName = ohmsCalculatorUITests;
			productReference = F2835D1729D20C9C00D6150B /* ohmsCalculatorUITests.xctest */;
			productType = "com.apple.product-type.bundle.ui-testing";
		};
/* End PBXNativeTarget section */

/* Begin PBXProject section */
		F2835CEF29D20C9B00D6150B /* Project object */ = {
			isa = PBXProject;
			attributes = {
				BuildIndependentTargetsInParallel = 1;
				LastSwiftUpdateCheck = 1420;
				LastUpgradeCheck = 1420;
				TargetAttributes = {
					F2835CF629D20C9B00D6150B = {
						CreatedOnToolsVersion = 14.2;
					};
					F2835D0C29D20C9C00D6150B = {
						CreatedOnToolsVersion = 14.2;
						TestTargetID = F2835CF629D20C9B00D6150B;
					};
					F2835D1629D20C9C00D6150B = {
						CreatedOnToolsVersion = 14.2;
						TestTargetID = F2835CF629D20C9B00D6150B;
					};
				};
			};
			buildConfigurationList = F2835CF229D20C9B00D6150B /* Build configuration list for PBXProject "ohmsCalculator" */;
			compatibilityVersion = "Xcode 14.0";
			developmentRegion = en;
			hasScannedForEncodings = 0;
			knownRegions = (
				en,
				Base,
			);
			mainGroup = F2835CEE29D20C9B00D6150B;
			productRefGroup = F2835CF829D20C9B00D6150B /* Products */;
			projectDirPath = "";
			projectRoot = "";
			targets = (
				F2835CF629D20C9B00D6150B /* ohmsCalculator */,
				F2835D0C29D20C9C00D6150B /* ohmsCalculatorTests */,
				F2835D1629D20C9C00D6150B /* ohmsCalculatorUITests */,
			);
		};
/* End PBXProject section */

/* Begin PBXResourcesBuildPhase section */
		F2835CF529D20C9B00D6150B /* Resources */ = {
			isa = PBXResourcesBuildPhase;
			buildActionMask = 2147483647;
			files = (
				F2835D0729D20C9C00D6150B /* LaunchScreen.storyboard in Resources */,
				F2835D0429D20C9C00D6150B /* Assets.xcassets in Resources */,
				F2835D0229D20C9B00D6150B /* Main.storyboard in Resources */,
			);
			runOnlyForDeploymentPostprocessing = 0;
		};
		F2835D0B29D20C9C00D6150B /* Resources */ = {
			isa = PBXResourcesBuildPhase;
			buildActionMask = 2147483647;
			files = (
			);
			runOnlyForDeploymentPostprocessing = 0;
		};
		F2835D1529D20C9C00D6150B /* Resources */ = {
			isa = PBXResourcesBuildPhase;
			buildActionMask = 2147483647;
			files = (
			);
			runOnlyForDeploymentPostprocessing = 0;
		};
/* End PBXResourcesBuildPhase section */

/* Begin PBXSourcesBuildPhase section */
		F2835CF329D20C9B00D6150B /* Sources */ = {
			isa = PBXSourcesBuildPhase;
			buildActionMask = 2147483647;
			files = (
				F2835CFF29D20C9B00D6150B /* ViewController.swift in Sources */,
				F2835CFB29D20C9B00D6150B /* AppDelegate.swift in Sources */,
				F2835CFD29D20C9B00D6150B /* SceneDelegate.swift in Sources */,
			);
			runOnlyForDeploymentPostprocessing = 0;
		};
		F2835D0929D20C9C00D6150B /* Sources */ = {
			isa = PBXSourcesBuildPhase;
			buildActionMask = 2147483647;
			files = (
				F2835D1229D20C9C00D6150B /* ohmsCalculatorTests.swift in Sources */,
			);
			runOnlyForDeploymentPostprocessing = 0;
		};
		F2835D1329D20C9C00D6150B /* Sources */ = {
			isa = PBXSourcesBuildPhase;
			buildActionMask = 2147483647;
			files = (
				F2835D1C29D20C9C00D6150B /* ohmsCalculatorUITests.swift in Sources */,
				F2835D1E29D20C9C00D6150B /* ohmsCalculatorUITestsLaunchTests.swift in Sources */,
			);
			runOnlyForDeploymentPostprocessing = 0;
		};
/* End PBXSourcesBuildPhase section */

/* Begin PBXTargetDependency section */
		F2835D0F29D20C9C00D6150B /* PBXTargetDependency */ = {
			isa = PBXTargetDependency;
			target = F2835CF629D20C9B00D6150B /* ohmsCalculator */;
			targetProxy = F2835D0E29D20C9C00D6150B /* PBXContainerItemProxy */;
		};
		F2835D1929D20C9C00D6150B /* PBXTargetDependency */ = {
			isa = PBXTargetDependency;
			target = F2835CF629D20C9B00D6150B /* ohmsCalculator */;
			targetProxy = F2835D1829D20C9C00D6150B /* PBXContainerItemProxy */;
		};
/* End PBXTargetDependency section */

/* Begin PBXVariantGroup section */
		F2835D0029D20C9B00D6150B /* Main.storyboard */ = {
			isa = PBXVariantGroup;
			children = (
				F2835D0129D20C9B00D6150B /* Base */,
			);
			name = Main.storyboard;
			sourceTree = "<group>";
		};
		F2835D0529D20C9C00D6150B /* LaunchScreen.storyboard */ = {
			isa = PBXVariantGroup;
			children = (
				F2835D0629D20C9C00D6150B /* Base */,
			);
			name = LaunchScreen.storyboard;
			sourceTree = "<group>";
		};
/* End PBXVariantGroup section */

/* Begin XCBuildConfiguration section */
		F2835D1F29D20C9C00D6150B /* Debug */ = {
			isa = XCBuildConfiguration;
			buildSettings = {
				ALWAYS_SEARCH_USER_PATHS = NO;
				CLANG_ANALYZER_NONNULL = YES;
				CLANG_ANALYZER_NUMBER_OBJECT_CONVERSION = YES_AGGRESSIVE;
				CLANG_CXX_LANGUAGE_STANDARD = "gnu++20";
				CLANG_ENABLE_MODULES = YES;
				CLANG_ENABLE_OBJC_ARC = YES;
				CLANG_ENABLE_OBJC_WEAK = YES;
				CLANG_WARN_BLOCK_CAPTURE_AUTORELEASING = YES;
				CLANG_WARN_BOOL_CONVERSION = YES;
				CLANG_WARN_COMMA = YES;
				CLANG_WARN_CONSTANT_CONVERSION = YES;
				CLANG_WARN_DEPRECATED_OBJC_IMPLEMENTATIONS = YES;
				CLANG_WARN_DIRECT_OBJC_ISA_USAGE = YES_ERROR;
				CLANG_WARN_DOCUMENTATION_COMMENTS = YES;
				CLANG_WARN_EMPTY_BODY = YES;
				CLANG_WARN_ENUM_CONVERSION = YES;
				CLANG_WARN_INFINITE_RECURSION = YES;
				CLANG_WARN_INT_CONVERSION = YES;
				CLANG_WARN_NON_LITERAL_NULL_CONVERSION = YES;
				CLANG_WARN_OBJC_IMPLICIT_RETAIN_SELF = YES;
				CLANG_WARN_OBJC_LITERAL_CONVERSION = YES;
				CLANG_WARN_OBJC_ROOT_CLASS = YES_ERROR;
				CLANG_WARN_QUOTED_INCLUDE_IN_FRAMEWORK_HEADER = YES;
				CLANG_WARN_RANGE_LOOP_ANALYSIS = YES;
				CLANG_WARN_STRICT_PROTOTYPES = YES;
				CLANG_WARN_SUSPICIOUS_MOVE = YES;
				CLANG_WARN_UNGUARDED_AVAILABILITY = YES_AGGRESSIVE;
				CLANG_WARN_UNREACHABLE_CODE = YES;
				CLANG_WARN__DUPLICATE_METHOD_MATCH = YES;
				COPY_PHASE_STRIP = NO;
				DEBUG_INFORMATION_FORMAT = dwarf;
				ENABLE_STRICT_OBJC_MSGSEND = YES;
				ENABLE_TESTABILITY = YES;
				GCC_C_LANGUAGE_STANDARD = gnu11;
				GCC_DYNAMIC_NO_PIC = NO;
				GCC_NO_COMMON_BLOCKS = YES;
				GCC_OPTIMIZATION_LEVEL = 0;
				GCC_PREPROCESSOR_DEFINITIONS = (
					"DEBUG=1",
					"$(inherited)",
				);
				GCC_WARN_64_TO_32_BIT_CONVERSION = YES;
				GCC_WARN_ABOUT_RETURN_TYPE = YES_ERROR;
				GCC_WARN_UNDECLARED_SELECTOR = YES;
				GCC_WARN_UNINITIALIZED_AUTOS = YES_AGGRESSIVE;
				GCC_WARN_UNUSED_FUNCTION = YES;
				GCC_WARN_UNUSED_VARIABLE = YES;
				IPHONEOS_DEPLOYMENT_TARGET = 16.2;
				MTL_ENABLE_DEBUG_INFO = INCLUDE_SOURCE;
				MTL_FAST_MATH = YES;
				ONLY_ACTIVE_ARCH = YES;
				SDKROOT = iphoneos;
				SWIFT_ACTIVE_COMPILATION_CONDITIONS = DEBUG;
				SWIFT_OPTIMIZATION_LEVEL = "-Onone";
			};
			name = Debug;
		};
		F2835D2029D20C9C00D6150B /* Release */ = {
			isa = XCBuildConfiguration;
			buildSettings = {
				ALWAYS_SEARCH_USER_PATHS = NO;
				CLANG_ANALYZER_NONNULL = YES;
				CLANG_ANALYZER_NUMBER_OBJECT_CONVERSION = YES_AGGRESSIVE;
				CLANG_CXX_LANGUAGE_STANDARD = "gnu++20";
				CLANG_ENABLE_MODULES = YES;
				CLANG_ENABLE_OBJC_ARC = YES;
				CLANG_ENABLE_OBJC_WEAK = YES;
				CLANG_WARN_BLOCK_CAPTURE_AUTORELEASING = YES;
				CLANG_WARN_BOOL_CONVERSION = YES;
				CLANG_WARN_COMMA = YES;
				CLANG_WARN_CONSTANT_CONVERSION = YES;
				CLANG_WARN_DEPRECATED_OBJC_IMPLEMENTATIONS = YES;
				CLANG_WARN_DIRECT_OBJC_ISA_USAGE = YES_ERROR;
				CLANG_WARN_DOCUMENTATION_COMMENTS = YES;
				CLANG_WARN_EMPTY_BODY = YES;
				CLANG_WARN_ENUM_CONVERSION = YES;
				CLANG_WARN_INFINITE_RECURSION = YES;
				CLANG_WARN_INT_CONVERSION = YES;
				CLANG_WARN_NON_LITERAL_NULL_CONVERSION = YES;
				CLANG_WARN_OBJC_IMPLICIT_RETAIN_SELF = YES;
				CLANG_WARN_OBJC_LITERAL_CONVERSION = YES;
				CLANG_WARN_OBJC_ROOT_CLASS = YES_ERROR;
				CLANG_WARN_QUOTED_INCLUDE_IN_FRAMEWORK_HEADER = YES;
				CLANG_WARN_RANGE_LOOP_ANALYSIS = YES;
				CLANG_WARN_STRICT_PROTOTYPES = YES;
				CLANG_WARN_SUSPICIOUS_MOVE = YES;
				CLANG_WARN_UNGUARDED_AVAILABILITY = YES_AGGRESSIVE;
				CLANG_WARN_UNREACHABLE_CODE = YES;
				CLANG_WARN__DUPLICATE_METHOD_MATCH = YES;
				COPY_PHASE_STRIP = NO;
				DEBUG_INFORMATION_FORMAT = "dwarf-with-dsym";
				ENABLE_NS_ASSERTIONS = NO;
				ENABLE_STRICT_OBJC_MSGSEND = YES;
				GCC_C_LANGUAGE_STANDARD = gnu11;
				GCC_NO_COMMON_BLOCKS = YES;
				GCC_WARN_64_TO_32_BIT_CONVERSION = YES;
				GCC_WARN_ABOUT_RETURN_TYPE = YES_ERROR;
				GCC_WARN_UNDECLARED_SELECTOR = YES;
				GCC_WARN_UNINITIALIZED_AUTOS = YES_AGGRESSIVE;
				GCC_WARN_UNUSED_FUNCTION = YES;
				GCC_WARN_UNUSED_VARIABLE = YES;
				IPHONEOS_DEPLOYMENT_TARGET = 16.2;
				MTL_ENABLE_DEBUG_INFO = NO;
				MTL_FAST_MATH = YES;
				SDKROOT = iphoneos;
				SWIFT_COMPILATION_MODE = wholemodule;
				SWIFT_OPTIMIZATION_LEVEL = "-O";
				VALIDATE_PRODUCT = YES;
			};
			name = Release;
		};
		F2835D2229D20C9C00D6150B /* Debug */ = {
			isa = XCBuildConfiguration;
			buildSettings = {
				ASSETCATALOG_COMPILER_APPICON_NAME = AppIcon;
				ASSETCATALOG_COMPILER_GLOBAL_ACCENT_COLOR_NAME = AccentColor;
				CODE_SIGN_STYLE = Automatic;
				CURRENT_PROJECT_VERSION = 1;
				GENERATE_INFOPLIST_FILE = YES;
				INFOPLIST_FILE = ohmsCalculator/Info.plist;
				INFOPLIST_KEY_UIApplicationSupportsIndirectInputEvents = YES;
				INFOPLIST_KEY_UILaunchStoryboardName = LaunchScreen;
				INFOPLIST_KEY_UIMainStoryboardFile = Main;
				INFOPLIST_KEY_UISupportedInterfaceOrientations_iPad = "UIInterfaceOrientationPortrait UIInterfaceOrientationPortraitUpsideDown UIInterfaceOrientationLandscapeLeft UIInterfaceOrientationLandscapeRight";
				INFOPLIST_KEY_UISupportedInterfaceOrientations_iPhone = "UIInterfaceOrientationPortrait UIInterfaceOrientationLandscapeLeft UIInterfaceOrientationLandscapeRight";
				LD_RUNPATH_SEARCH_PATHS = (
					"$(inherited)",
					"@executable_path/Frameworks",
				);
				MARKETING_VERSION = 1.0;
				PRODUCT_BUNDLE_IDENTIFIER = us.swcsd.ohmsCalculator;
				PRODUCT_NAME = "$(TARGET_NAME)";
				SWIFT_EMIT_LOC_STRINGS = YES;
				SWIFT_VERSION = 5.0;
				TARGETED_DEVICE_FAMILY = "1,2";
			};
			name = Debug;
		};
		F2835D2329D20C9C00D6150B /* Release */ = {
			isa = XCBuildConfiguration;
			buildSettings = {
				ASSETCATALOG_COMPILER_APPICON_NAME = AppIcon;
				ASSETCATALOG_COMPILER_GLOBAL_ACCENT_COLOR_NAME = AccentColor;
				CODE_SIGN_STYLE = Automatic;
				CURRENT_PROJECT_VERSION = 1;
				GENERATE_INFOPLIST_FILE = YES;
				INFOPLIST_FILE = ohmsCalculator/Info.plist;
				INFOPLIST_KEY_UIApplicationSupportsIndirectInputEvents = YES;
				INFOPLIST_KEY_UILaunchStoryboardName = LaunchScreen;
				INFOPLIST_KEY_UIMainStoryboardFile = Main;
				INFOPLIST_KEY_UISupportedInterfaceOrientations_iPad = "UIInterfaceOrientationPortrait UIInterfaceOrientationPortraitUpsideDown UIInterfaceOrientationLandscapeLeft UIInterfaceOrientationLandscapeRight";
				INFOPLIST_KEY_UISupportedInterfaceOrientations_iPhone = "UIInterfaceOrientationPortrait UIInterfaceOrientationLandscapeLeft UIInterfaceOrientationLandscapeRight";
				LD_RUNPATH_SEARCH_PATHS = (
					"$(inherited)",
					"@executable_path/Frameworks",
				);
				MARKETING_VERSION = 1.0;
				PRODUCT_BUNDLE_IDENTIFIER = us.swcsd.ohmsCalculator;
				PRODUCT_NAME = "$(TARGET_NAME)";
				SWIFT_EMIT_LOC_STRINGS = YES;
				SWIFT_VERSION = 5.0;
				TARGETED_DEVICE_FAMILY = "1,2";
			};
			name = Release;
		};
		F2835D2529D20C9C00D6150B /* Debug */ = {
			isa = XCBuildConfiguration;
			buildSettings = {
				ALWAYS_EMBED_SWIFT_STANDARD_LIBRARIES = YES;
				BUNDLE_LOADER = "$(TEST_HOST)";
				CODE_SIGN_STYLE = Automatic;
				CURRENT_PROJECT_VERSION = 1;
				GENERATE_INFOPLIST_FILE = YES;
				IPHONEOS_DEPLOYMENT_TARGET = 16.2;
				MARKETING_VERSION = 1.0;
				PRODUCT_BUNDLE_IDENTIFIER = us.swcsd.ohmsCalculatorTests;
				PRODUCT_NAME = "$(TARGET_NAME)";
				SWIFT_EMIT_LOC_STRINGS = NO;
				SWIFT_VERSION = 5.0;
				TARGETED_DEVICE_FAMILY = "1,2";
				TEST_HOST = "$(BUILT_PRODUCTS_DIR)/ohmsCalculator.app/$(BUNDLE_EXECUTABLE_FOLDER_PATH)/ohmsCalculator";
			};
			name = Debug;
		};
		F2835D2629D20C9C00D6150B /* Release */ = {
			isa = XCBuildConfiguration;
			buildSettings = {
				ALWAYS_EMBED_SWIFT_STANDARD_LIBRARIES = YES;
				BUNDLE_LOADER = "$(TEST_HOST)";
				CODE_SIGN_STYLE = Automatic;
				CURRENT_PROJECT_VERSION = 1;
				GENERATE_INFOPLIST_FILE = YES;
				IPHONEOS_DEPLOYMENT_TARGET = 16.2;
				MARKETING_VERSION = 1.0;
				PRODUCT_BUNDLE_IDENTIFIER = us.swcsd.ohmsCalculatorTests;
				PRODUCT_NAME = "$(TARGET_NAME)";
				SWIFT_EMIT_LOC_STRINGS = NO;
				SWIFT_VERSION = 5.0;
				TARGETED_DEVICE_FAMILY = "1,2";
				TEST_HOST = "$(BUILT_PRODUCTS_DIR)/ohmsCalculator.app/$(BUNDLE_EXECUTABLE_FOLDER_PATH)/ohmsCalculator";
			};
			name = Release;
		};
		F2835D2829D20C9C00D6150B /* Debug */ = {
			isa = XCBuildConfiguration;
			buildSettings = {
				ALWAYS_EMBED_SWIFT_STANDARD_LIBRARIES = YES;
				CODE_SIGN_STYLE = Automatic;
				CURRENT_PROJECT_VERSION = 1;
				GENERATE_INFOPLIST_FILE = YES;
				MARKETING_VERSION = 1.0;
				PRODUCT_BUNDLE_IDENTIFIER = us.swcsd.ohmsCalculatorUITests;
				PRODUCT_NAME = "$(TARGET_NAME)";
				SWIFT_EMIT_LOC_STRINGS = NO;
				SWIFT_VERSION = 5.0;
				TARGETED_DEVICE_FAMILY = "1,2";
				TEST_TARGET_NAME = ohmsCalculator;
			};
			name = Debug;
		};
		F2835D2929D20C9C00D6150B /* Release */ = {
			isa = XCBuildConfiguration;
			buildSettings = {
				ALWAYS_EMBED_SWIFT_STANDARD_LIBRARIES = YES;
				CODE_SIGN_STYLE = Automatic;
				CURRENT_PROJECT_VERSION = 1;
				GENERATE_INFOPLIST_FILE = YES;
				MARKETING_VERSION = 1.0;
				PRODUCT_BUNDLE_IDENTIFIER = us.swcsd.ohmsCalculatorUITests;
				PRODUCT_NAME = "$(TARGET_NAME)";
				SWIFT_EMIT_LOC_STRINGS = NO;
				SWIFT_VERSION = 5.0;
				TARGETED_DEVICE_FAMILY = "1,2";
				TEST_TARGET_NAME = ohmsCalculator;
			};
			name = Release;
		};
/* End XCBuildConfiguration section */

/* Begin XCConfigurationList section */
		F2835CF229D20C9B00D6150B /* Build configuration list for PBXProject "ohmsCalculator" */ = {
			isa = XCConfigurationList;
			buildConfigurations = (
				F2835D1F29D20C9C00D6150B /* Debug */,
				F2835D2029D20C9C00D6150B /* Release */,
			);
			defaultConfigurationIsVisible = 0;
			defaultConfigurationName = Release;
		};
		F2835D2129D20C9C00D6150B /* Build configuration list for PBXNativeTarget "ohmsCalculator" */ = {
			isa = XCConfigurationList;
			buildConfigurations = (
				F2835D2229D20C9C00D6150B /* Debug */,
				F2835D2329D20C9C00D6150B /* Release */,
			);
			defaultConfigurationIsVisible = 0;
			defaultConfigurationName = Release;
		};
		F2835D2429D20C9C00D6150B /* Build configuration list for PBXNativeTarget "ohmsCalculatorTests" */ = {
			isa = XCConfigurationList;
			buildConfigurations = (
				F2835D2529D20C9C00D6150B /* Debug */,
				F2835D2629D20C9C00D6150B /* Release */,
			);
			defaultConfigurationIsVisible = 0;
			defaultConfigurationName = Release;
		};
		F2835D2729D20C9C00D6150B /* Build configuration list for PBXNativeTarget "ohmsCalculatorUITests" */ = {
			isa = XCConfigurationList;
			buildConfigurations = (
				F2835D2829D20C9C00D6150B /* Debug */,
				F2835D2929D20C9C00D6150B /* Release */,
			);
			defaultConfigurationIsVisible = 0;
			defaultConfigurationName = Release;
		};
/* End XCConfigurationList section */
	};
	rootObject = F2835CEF29D20C9B00D6150B /* Project object */;
}
